
Microsoft Visual Studio Solution File, Format Version 12.00
# Visual Studio Version 17
VisualStudioVersion = 17.11.35303.130
MinimumVisualStudioVersion = 10.0.40219.1
Project("{FAE04EC0-301F-11D3-BF4B-00C04F79EFBC}") = "Api", "Api.csproj", "{32E1240C-C654-4B49-9E66-06BF1D29645B}"
EndProject
Global
	GlobalSection(SolutionConfigurationPlatforms) = preSolution
		Debug|Any CPU = Debug|Any CPU
		Release|Any CPU = Release|Any CPU
	EndGlobalSection
	GlobalSection(ProjectConfigurationPlatforms) = postSolution
		{32E1240C-C654-4B49-9E66-06BF1D29645B}.Debug|Any CPU.ActiveCfg = Debug|Any CPU
		{32E1240C-C654-4B49-9E66-06BF1D29645B}.Debug|Any CPU.Build.0 = Debug|Any CPU
		{32E1240C-C654-4B49-9E66-06BF1D29645B}.Release|Any CPU.ActiveCfg = Release|Any CPU
		{32E1240C-C654-4B49-9E66-06BF1D29645B}.Release|Any CPU.Build.0 = Release|Any CPU
	EndGlobalSection
	GlobalSection(SolutionProperties) = preSolution
		HideSolutionNode = FALSE
	EndGlobalSection
	GlobalSection(ExtensibilityGlobals) = postSolution
		SolutionGuid = {7FD1F894-58A4-4D89-9730-5DCA9813F9CB}
	EndGlobalSection
EndGlobal
